PODS:
  - boost (1.76.0)
  - DoubleConversion (1.1.6)
  - FBLazyVector (0.66.3-0)
  - FBReactNativeSpec (0.66.3-0):
    - RCT-Folly (= 2021.06.28.00-v2)
    - RCTRequired (= 0.66.3-0)
    - RCTTypeSafety (= 0.66.3-0)
    - React-Core (= 0.66.3-0)
    - React-jsi (= 0.66.3-0)
    - ReactCommon/turbomodule/core (= 0.66.3-0)
  - fmt (7.1.3)
  - glog (0.3.5)
  - google-cast-sdk-dynamic-xcframework-no-bluetooth (4.7.1)
  - PromisesObjC (2.1.1)
  - RCT-Folly (2021.06.28.00-v2):
    - boost
    - DoubleConversion
    - glog
    - RCT-Folly/Default (= 2021.06.28.00-v2)
  - RCT-Folly/Default (2021.06.28.00-v2):
    - boost
    - DoubleConversion
    - glog
  - RCTRequired (0.66.3-0)
  - RCTTypeSafety (0.66.3-0):
    - FBLazyVector (= 0.66.3-0)
    - RCT-Folly (= 2021.06.28.00-v2)
    - RCTRequired (= 0.66.3-0)
    - React-Core (= 0.66.3-0)
  - React (0.66.3-0):
    - React-Core (= 0.66.3-0)
    - React-Core/DevSupport (= 0.66.3-0)
    - React-Core/RCTWebSocket (= 0.66.3-0)
    - React-RCTAnimation (= 0.66.3-0)
    - React-RCTBlob (= 0.66.3-0)
    - React-RCTImage (= 0.66.3-0)
    - React-RCTLinking (= 0.66.3-0)
    - React-RCTNetwork (= 0.66.3-0)
    - React-RCTSettings (= 0.66.3-0)
    - React-RCTText (= 0.66.3-0)
  - React-callinvoker (0.66.3-0)
  - React-Core (0.66.3-0):
    - glog
    - RCT-Folly (= 2021.06.28.00-v2)
    - React-Core/Default (= 0.66.3-0)
    - React-cxxreact (= 0.66.3-0)
    - React-jsi (= 0.66.3-0)
    - React-jsiexecutor (= 0.66.3-0)
    - React-perflogger (= 0.66.3-0)
    - Yoga
  - React-Core/CoreModulesHeaders (0.66.3-0):
    - glog
    - RCT-Folly (= 2021.06.28.00-v2)
    - React-Core/Default
    - React-cxxreact (= 0.66.3-0)
    - React-jsi (= 0.66.3-0)
    - React-jsiexecutor (= 0.66.3-0)
    - React-perflogger (= 0.66.3-0)
    - Yoga
  - React-Core/Default (0.66.3-0):
    - glog
    - RCT-Folly (= 2021.06.28.00-v2)
    - React-cxxreact (= 0.66.3-0)
    - React-jsi (= 0.66.3-0)
    - React-jsiexecutor (= 0.66.3-0)
    - React-perflogger (= 0.66.3-0)
    - Yoga
  - React-Core/DevSupport (0.66.3-0):
    - glog
    - RCT-Folly (= 2021.06.28.00-v2)
    - React-Core/Default (= 0.66.3-0)
    - React-Core/RCTWebSocket (= 0.66.3-0)
    - React-cxxreact (= 0.66.3-0)
    - React-jsi (= 0.66.3-0)
    - React-jsiexecutor (= 0.66.3-0)
    - React-jsinspector (= 0.66.3-0)
    - React-perflogger (= 0.66.3-0)
    - Yoga
  - React-Core/RCTAnimationHeaders (0.66.3-0):
    - glog
    - RCT-Folly (= 2021.06.28.00-v2)
    - React-Core/Default
    - React-cxxreact (= 0.66.3-0)
    - React-jsi (= 0.66.3-0)
    - React-jsiexecutor (= 0.66.3-0)
    - React-perflogger (= 0.66.3-0)
    - Yoga
  - React-Core/RCTBlobHeaders (0.66.3-0):
    - glog
    - RCT-Folly (= 2021.06.28.00-v2)
    - React-Core/Default
    - React-cxxreact (= 0.66.3-0)
    - React-jsi (= 0.66.3-0)
    - React-jsiexecutor (= 0.66.3-0)
    - React-perflogger (= 0.66.3-0)
    - Yoga
  - React-Core/RCTImageHeaders (0.66.3-0):
    - glog
    - RCT-Folly (= 2021.06.28.00-v2)
    - React-Core/Default
    - React-cxxreact (= 0.66.3-0)
    - React-jsi (= 0.66.3-0)
    - React-jsiexecutor (= 0.66.3-0)
    - React-perflogger (= 0.66.3-0)
    - Yoga
  - React-Core/RCTLinkingHeaders (0.66.3-0):
    - glog
    - RCT-Folly (= 2021.06.28.00-v2)
    - React-Core/Default
    - React-cxxreact (= 0.66.3-0)
    - React-jsi (= 0.66.3-0)
    - React-jsiexecutor (= 0.66.3-0)
    - React-perflogger (= 0.66.3-0)
    - Yoga
  - React-Core/RCTNetworkHeaders (0.66.3-0):
    - glog
    - RCT-Folly (= 2021.06.28.00-v2)
    - React-Core/Default
    - React-cxxreact (= 0.66.3-0)
    - React-jsi (= 0.66.3-0)
    - React-jsiexecutor (= 0.66.3-0)
    - React-perflogger (= 0.66.3-0)
    - Yoga
  - React-Core/RCTSettingsHeaders (0.66.3-0):
    - glog
    - RCT-Folly (= 2021.06.28.00-v2)
    - React-Core/Default
    - React-cxxreact (= 0.66.3-0)
    - React-jsi (= 0.66.3-0)
    - React-jsiexecutor (= 0.66.3-0)
    - React-perflogger (= 0.66.3-0)
    - Yoga
  - React-Core/RCTTextHeaders (0.66.3-0):
    - glog
    - RCT-Folly (= 2021.06.28.00-v2)
    - React-Core/Default
    - React-cxxreact (= 0.66.3-0)
    - React-jsi (= 0.66.3-0)
    - React-jsiexecutor (= 0.66.3-0)
    - React-perflogger (= 0.66.3-0)
    - Yoga
  - React-Core/RCTWebSocket (0.66.3-0):
    - glog
    - RCT-Folly (= 2021.06.28.00-v2)
    - React-Core/Default (= 0.66.3-0)
    - React-cxxreact (= 0.66.3-0)
    - React-jsi (= 0.66.3-0)
    - React-jsiexecutor (= 0.66.3-0)
    - React-perflogger (= 0.66.3-0)
    - Yoga
  - React-CoreModules (0.66.3-0):
    - FBReactNativeSpec (= 0.66.3-0)
    - RCT-Folly (= 2021.06.28.00-v2)
    - RCTTypeSafety (= 0.66.3-0)
    - React-Core/CoreModulesHeaders (= 0.66.3-0)
    - React-jsi (= 0.66.3-0)
    - React-RCTImage (= 0.66.3-0)
    - ReactCommon/turbomodule/core (= 0.66.3-0)
  - React-cxxreact (0.66.3-0):
    - boost (= 1.76.0)
    - DoubleConversion
    - glog
    - RCT-Folly (= 2021.06.28.00-v2)
    - React-callinvoker (= 0.66.3-0)
    - React-jsi (= 0.66.3-0)
    - React-jsinspector (= 0.66.3-0)
    - React-logger (= 0.66.3-0)
    - React-perflogger (= 0.66.3-0)
    - React-runtimeexecutor (= 0.66.3-0)
  - React-jsi (0.66.3-0):
    - boost (= 1.76.0)
    - DoubleConversion
    - glog
    - RCT-Folly (= 2021.06.28.00-v2)
    - React-jsi/Default (= 0.66.3-0)
  - React-jsi/Default (0.66.3-0):
    - boost (= 1.76.0)
    - DoubleConversion
    - glog
    - RCT-Folly (= 2021.06.28.00-v2)
  - React-jsiexecutor (0.66.3-0):
    - DoubleConversion
    - glog
    - RCT-Folly (= 2021.06.28.00-v2)
    - React-cxxreact (= 0.66.3-0)
    - React-jsi (= 0.66.3-0)
    - React-perflogger (= 0.66.3-0)
  - React-jsinspector (0.66.3-0)
  - React-logger (0.66.3-0):
    - glog
  - react-native-google-cast/NoBluetoothArm (4.6.2):
    - google-cast-sdk-dynamic-xcframework-no-bluetooth
    - React
    - react-native-google-cast/RNGoogleCast
  - react-native-google-cast/RNGoogleCast (4.6.2):
    - PromisesObjC
    - React
  - react-native-slider (4.4.2):
    - React-Core
  - react-native-theoplayer (2.0.0-pre8):
    - React-Core
    - THEOplayerSDK-basic
  - React-perflogger (0.66.3-0)
  - React-RCTAnimation (0.66.3-0):
    - FBReactNativeSpec (= 0.66.3-0)
    - RCT-Folly (= 2021.06.28.00-v2)
    - RCTTypeSafety (= 0.66.3-0)
    - React-Core/RCTAnimationHeaders (= 0.66.3-0)
    - React-jsi (= 0.66.3-0)
    - ReactCommon/turbomodule/core (= 0.66.3-0)
  - React-RCTBlob (0.66.3-0):
    - FBReactNativeSpec (= 0.66.3-0)
    - RCT-Folly (= 2021.06.28.00-v2)
    - React-Core/RCTBlobHeaders (= 0.66.3-0)
    - React-Core/RCTWebSocket (= 0.66.3-0)
    - React-jsi (= 0.66.3-0)
    - React-RCTNetwork (= 0.66.3-0)
    - ReactCommon/turbomodule/core (= 0.66.3-0)
  - React-RCTImage (0.66.3-0):
    - FBReactNativeSpec (= 0.66.3-0)
    - RCT-Folly (= 2021.06.28.00-v2)
    - RCTTypeSafety (= 0.66.3-0)
    - React-Core/RCTImageHeaders (= 0.66.3-0)
    - React-jsi (= 0.66.3-0)
    - React-RCTNetwork (= 0.66.3-0)
    - ReactCommon/turbomodule/core (= 0.66.3-0)
  - React-RCTLinking (0.66.3-0):
    - FBReactNativeSpec (= 0.66.3-0)
    - React-Core/RCTLinkingHeaders (= 0.66.3-0)
    - React-jsi (= 0.66.3-0)
    - ReactCommon/turbomodule/core (= 0.66.3-0)
  - React-RCTNetwork (0.66.3-0):
    - FBReactNativeSpec (= 0.66.3-0)
    - RCT-Folly (= 2021.06.28.00-v2)
    - RCTTypeSafety (= 0.66.3-0)
    - React-Core/RCTNetworkHeaders (= 0.66.3-0)
    - React-jsi (= 0.66.3-0)
    - ReactCommon/turbomodule/core (= 0.66.3-0)
  - React-RCTSettings (0.66.3-0):
    - FBReactNativeSpec (= 0.66.3-0)
    - RCT-Folly (= 2021.06.28.00-v2)
    - RCTTypeSafety (= 0.66.3-0)
    - React-Core/RCTSettingsHeaders (= 0.66.3-0)
    - React-jsi (= 0.66.3-0)
    - ReactCommon/turbomodule/core (= 0.66.3-0)
  - React-RCTText (0.66.3-0):
    - React-Core/RCTTextHeaders (= 0.66.3-0)
  - React-runtimeexecutor (0.66.3-0):
    - React-jsi (= 0.66.3-0)
  - ReactCommon/turbomodule/core (0.66.3-0):
    - DoubleConversion
    - glog
    - RCT-Folly (= 2021.06.28.00-v2)
    - React-callinvoker (= 0.66.3-0)
    - React-Core (= 0.66.3-0)
    - React-cxxreact (= 0.66.3-0)
    - React-jsi (= 0.66.3-0)
    - React-logger (= 0.66.3-0)
    - React-perflogger (= 0.66.3-0)
  - RNSVG (13.9.0):
    - React-Core
  - THEOplayerSDK-basic (4.3.1)
  - Yoga (1.14.0)

DEPENDENCIES:
  - boost (from `../node_modules/react-native/third-party-podspecs/boost.podspec`)
  - DoubleConversion (from `../node_modules/react-native/third-party-podspecs/DoubleConversion.podspec`)
  - FBLazyVector (from `../node_modules/react-native/Libraries/FBLazyVector`)
  - FBReactNativeSpec (from `../node_modules/react-native/React/FBReactNativeSpec`)
  - fmt (from `../node_modules/react-native/third-party-podspecs/fmt.podspec`)
  - glog (from `../node_modules/react-native/third-party-podspecs/glog.podspec`)
  - RCT-Folly (from `../node_modules/react-native/third-party-podspecs/RCT-Folly.podspec`)
  - RCTRequired (from `../node_modules/react-native/Libraries/RCTRequired`)
  - RCTTypeSafety (from `../node_modules/react-native/Libraries/TypeSafety`)
  - React (from `../node_modules/react-native/`)
  - React-callinvoker (from `../node_modules/react-native/ReactCommon/callinvoker`)
  - React-Core (from `../node_modules/react-native/`)
  - React-Core/DevSupport (from `../node_modules/react-native/`)
  - React-Core/RCTWebSocket (from `../node_modules/react-native/`)
  - React-CoreModules (from `../node_modules/react-native/React/CoreModules`)
  - React-cxxreact (from `../node_modules/react-native/ReactCommon/cxxreact`)
  - React-jsi (from `../node_modules/react-native/ReactCommon/jsi`)
  - React-jsiexecutor (from `../node_modules/react-native/ReactCommon/jsiexecutor`)
  - React-jsinspector (from `../node_modules/react-native/ReactCommon/jsinspector`)
  - React-logger (from `../node_modules/react-native/ReactCommon/logger`)
  - react-native-google-cast/NoBluetoothArm (from `../../node_modules/react-native-google-cast/`)
  - "react-native-slider (from `../node_modules/@react-native-community/slider`)"
  - react-native-theoplayer (from `../..`)
  - React-perflogger (from `../node_modules/react-native/ReactCommon/reactperflogger`)
  - React-RCTAnimation (from `../node_modules/react-native/Libraries/NativeAnimation`)
  - React-RCTBlob (from `../node_modules/react-native/Libraries/Blob`)
  - React-RCTImage (from `../node_modules/react-native/Libraries/Image`)
  - React-RCTLinking (from `../node_modules/react-native/Libraries/LinkingIOS`)
  - React-RCTNetwork (from `../node_modules/react-native/Libraries/Network`)
  - React-RCTSettings (from `../node_modules/react-native/Libraries/Settings`)
  - React-RCTText (from `../node_modules/react-native/Libraries/Text`)
  - React-runtimeexecutor (from `../node_modules/react-native/ReactCommon/runtimeexecutor`)
  - ReactCommon/turbomodule/core (from `../node_modules/react-native/ReactCommon`)
  - RNSVG (from `../node_modules/react-native-svg`)
  - Yoga (from `../node_modules/react-native/ReactCommon/yoga`)

SPEC REPOS:
  trunk:
    - google-cast-sdk-dynamic-xcframework-no-bluetooth
    - PromisesObjC
    - THEOplayerSDK-basic

EXTERNAL SOURCES:
  boost:
    :podspec: "../node_modules/react-native/third-party-podspecs/boost.podspec"
  DoubleConversion:
    :podspec: "../node_modules/react-native/third-party-podspecs/DoubleConversion.podspec"
  FBLazyVector:
    :path: "../node_modules/react-native/Libraries/FBLazyVector"
  FBReactNativeSpec:
    :path: "../node_modules/react-native/React/FBReactNativeSpec"
  fmt:
    :podspec: "../node_modules/react-native/third-party-podspecs/fmt.podspec"
  glog:
    :podspec: "../node_modules/react-native/third-party-podspecs/glog.podspec"
  RCT-Folly:
    :podspec: "../node_modules/react-native/third-party-podspecs/RCT-Folly.podspec"
  RCTRequired:
    :path: "../node_modules/react-native/Libraries/RCTRequired"
  RCTTypeSafety:
    :path: "../node_modules/react-native/Libraries/TypeSafety"
  React:
    :path: "../node_modules/react-native/"
  React-callinvoker:
    :path: "../node_modules/react-native/ReactCommon/callinvoker"
  React-Core:
    :path: "../node_modules/react-native/"
  React-CoreModules:
    :path: "../node_modules/react-native/React/CoreModules"
  React-cxxreact:
    :path: "../node_modules/react-native/ReactCommon/cxxreact"
  React-jsi:
    :path: "../node_modules/react-native/ReactCommon/jsi"
  React-jsiexecutor:
    :path: "../node_modules/react-native/ReactCommon/jsiexecutor"
  React-jsinspector:
    :path: "../node_modules/react-native/ReactCommon/jsinspector"
  React-logger:
    :path: "../node_modules/react-native/ReactCommon/logger"
  react-native-google-cast:
    :path: "../../node_modules/react-native-google-cast/"
  react-native-slider:
    :path: "../node_modules/@react-native-community/slider"
  react-native-theoplayer:
    :path: "../.."
  React-perflogger:
    :path: "../node_modules/react-native/ReactCommon/reactperflogger"
  React-RCTAnimation:
    :path: "../node_modules/react-native/Libraries/NativeAnimation"
  React-RCTBlob:
    :path: "../node_modules/react-native/Libraries/Blob"
  React-RCTImage:
    :path: "../node_modules/react-native/Libraries/Image"
  React-RCTLinking:
    :path: "../node_modules/react-native/Libraries/LinkingIOS"
  React-RCTNetwork:
    :path: "../node_modules/react-native/Libraries/Network"
  React-RCTSettings:
    :path: "../node_modules/react-native/Libraries/Settings"
  React-RCTText:
    :path: "../node_modules/react-native/Libraries/Text"
  React-runtimeexecutor:
    :path: "../node_modules/react-native/ReactCommon/runtimeexecutor"
  ReactCommon:
    :path: "../node_modules/react-native/ReactCommon"
  RNSVG:
    :path: "../node_modules/react-native-svg"
  Yoga:
    :path: "../node_modules/react-native/ReactCommon/yoga"

SPEC CHECKSUMS:
  boost: a7c83b31436843459a1961bfd74b96033dc77234
  DoubleConversion: 1d2f3470dfd56717030d0855f8332361bbd85236
  FBLazyVector: cf16d77c9de4cc4be09c6e4fa305952743aed0c3
  FBReactNativeSpec: 417b77be7b8ec953a22d53f38d8e129822b1a5f3
  fmt: 135c0c55547979f715b56dfa54037ececa96d07a
  glog: 1c24d0cb9571f9d51d9f9344be9ddadea3e624de
  google-cast-sdk-dynamic-xcframework-no-bluetooth: 1fa9e267df3fd6f8a1c6e3345142ca5286297968
  PromisesObjC: ab77feca74fa2823e7af4249b8326368e61014cb
  RCT-Folly: f90447a52f6e45543a46742098fcec67a7818844
  RCTRequired: 5f14321d8e55016ded8f560dd6fbc7caa5fadab8
  RCTTypeSafety: 7d43cbd3412c792e1ba5b87e1b00b5866033a45a
  React: d27a2c6ff4b6c956e3521ffa5a8afd8175b27aa5
  React-callinvoker: 9344a444ad06eacdd8c916790eef465372d2d681
  React-Core: 8015e72493d2c3bcae495e89be11dfdfbcf76e74
  React-CoreModules: 50f40bf5a44fb5c6a3cc27b2e85a36894b6fd2bc
  React-cxxreact: 586610375276796738402bc216ce1881428591a8
  React-jsi: c5efefa51a19dee7759602965518bbc283c5c8f6
  React-jsiexecutor: 50e1e965f7df835844bb363055a596a2f00782ab
  React-jsinspector: 961bca344b37d028fa31147b3ee92f973066376a
  React-logger: 2ede08149c5cfd3b57d1151639196d64c80bcf58
  react-native-google-cast: 18b9b2fc518caabfa65d309409e160b3fc6d1733
  react-native-slider: 33b8d190b59d4f67a541061bb91775d53d617d9d
  react-native-theoplayer: 25eeb1919cc05ea0f1af42e40c9f315a232af663
  React-perflogger: 7db35d04efa01f6afa9e43eb58a07f8950b62129
  React-RCTAnimation: b382e08174c554128723a2dcd0fafb896000217e
  React-RCTBlob: 80cc190a6271aa59c2af27e36395e5228d9de95e
  React-RCTImage: d6f61dea73caa5ad91d74c89dc313c0577371cb6
  React-RCTLinking: ada875748f246077502ca0a2efb50e7a4793e796
  React-RCTNetwork: 1bca6d2e4903144bfefa8904339b2ae3bd4028bb
  React-RCTSettings: 15e77e1a067575080551c1547062f34506acd970
  React-RCTText: 3be60cc1ef044a6c80425bf9ad9960b876712066
  React-runtimeexecutor: 7bbeb13e7750d45f93fdb7cb5546a1eb5ffaa5c7
  ReactCommon: 6fc4f9a125b2d5aa354f573f328086b737e5102f
  RNSVG: 53c661b76829783cdaf9b7a57258f3d3b4c28315
  THEOplayerSDK-basic: a0d6984cb5117130f6ad7798de77a10e9f2024ea
  Yoga: 9efca3331f0d4023de2b109f4cc685b5394288ab

PODFILE CHECKSUM: 5bd50305f8ab5150ff540ae05d727c752c83558f

COCOAPODS: 1.11.3
